// !$*UTF8*$!
{
	archiveVersion = 1;
	classes = {
	};
	objectVersion = 46;
	objects = {

/* Begin PBXBuildFile section */
		331481DA16791E59006AB746 /* EstadisticasViewController.m in Sources */ = {isa = PBXBuildFile; fileRef = 331481D916791E59006AB746 /* EstadisticasViewController.m */; };
		331D618C1668132A00F02BD9 /* CustomCell.m in Sources */ = {isa = PBXBuildFile; fileRef = 331D618B1668132A00F02BD9 /* CustomCell.m */; };
		331D61901668154900F02BD9 /* LlamadasViewController.m in Sources */ = {isa = PBXBuildFile; fileRef = 331D618F1668154900F02BD9 /* LlamadasViewController.m */; };
		3320ACFC171C52C700A844F4 /* Social.framework in Frameworks */ = {isa = PBXBuildFile; fileRef = 3320ACFB171C52C700A844F4 /* Social.framework */; };
		3320AD00171C54D800A844F4 /* Accounts.framework in Frameworks */ = {isa = PBXBuildFile; fileRef = 3320ACFF171C54D800A844F4 /* Accounts.framework */; };
		3320AD02171C54E800A844F4 /* AdSupport.framework in Frameworks */ = {isa = PBXBuildFile; fileRef = 3320AD01171C54E800A844F4 /* AdSupport.framework */; };
		3320AD06171C60A900A844F4 /* buttonPanic.png in Resources */ = {isa = PBXBuildFile; fileRef = 3320AD03171C60A900A844F4 /* buttonPanic.png */; };
		3320AD07171C60A900A844F4 /* button123.png in Resources */ = {isa = PBXBuildFile; fileRef = 3320AD04171C60A900A844F4 /* button123.png */; };
		3320AD08171C60A900A844F4 /* buttonUser.png in Resources */ = {isa = PBXBuildFile; fileRef = 3320AD05171C60A900A844F4 /* buttonUser.png */; };
		3320AD0A171C624300A844F4 /* MessageUI.framework in Frameworks */ = {isa = PBXBuildFile; fileRef = 3320AD09171C624300A844F4 /* MessageUI.framework */; };
		332AC87C167BD70E001A187B /* PanicoViewController.m in Sources */ = {isa = PBXBuildFile; fileRef = 332AC87B167BD70E001A187B /* PanicoViewController.m */; };
		333740FC166FA76300510C52 /* CalcularView.m in Sources */ = {isa = PBXBuildFile; fileRef = 333740FB166FA76300510C52 /* CalcularView.m */; };
		33374100166FC25D00510C52 /* OpcionesTaximetroView.m in Sources */ = {isa = PBXBuildFile; fileRef = 333740FF166FC25D00510C52 /* OpcionesTaximetroView.m */; };
		33459DAB1669073F001B7DBF /* InformacionLlamadaView.m in Sources */ = {isa = PBXBuildFile; fileRef = 33459DAA1669073E001B7DBF /* InformacionLlamadaView.m */; };
		3346273F167F81D900578B79 /* AcercaDeViewController.m in Sources */ = {isa = PBXBuildFile; fileRef = 3346273E167F81D900578B79 /* AcercaDeViewController.m */; };
		33462743167F947200578B79 /* AdvertenciaViewController.m in Sources */ = {isa = PBXBuildFile; fileRef = 33462742167F947200578B79 /* AdvertenciaViewController.m */; };
		3348559116F7901F00929946 /* RegionAnnotation.m in Sources */ = {isa = PBXBuildFile; fileRef = 3348558E16F7901F00929946 /* RegionAnnotation.m */; };
		3348559216F7901F00929946 /* RegionAnnotationView.m in Sources */ = {isa = PBXBuildFile; fileRef = 3348559016F7901F00929946 /* RegionAnnotationView.m */; };
		334AC8BE167A967600F077A0 /* AlertMessageView.m in Sources */ = {isa = PBXBuildFile; fileRef = 334AC8BD167A967600F077A0 /* AlertMessageView.m */; };
		334E2A00167103F2005D1E9C /* OpcionesCompartirView.m in Sources */ = {isa = PBXBuildFile; fileRef = 334E29FF167103F2005D1E9C /* OpcionesCompartirView.m */; };
		334E2A04167141B0005D1E9C /* OpcionesContactoView.m in Sources */ = {isa = PBXBuildFile; fileRef = 334E2A03167141AF005D1E9C /* OpcionesContactoView.m */; };
		334E2A0716714B5D005D1E9C /* AlertView.m in Sources */ = {isa = PBXBuildFile; fileRef = 334E2A0616714B5D005D1E9C /* AlertView.m */; };
		334ED8A4166E6D7E001DD624 /* OpcionesViewController.m in Sources */ = {isa = PBXBuildFile; fileRef = 334ED8A3166E6D7E001DD624 /* OpcionesViewController.m */; };
		335CA20F16EE9B820078D488 /* ServerCommunicator.m in Sources */ = {isa = PBXBuildFile; fileRef = 335CA20E16EE9B820078D488 /* ServerCommunicator.m */; };
		335CA21216EE9B9A0078D488 /* IAmCoder.m in Sources */ = {isa = PBXBuildFile; fileRef = 335CA21116EE9B9A0078D488 /* IAmCoder.m */; };
		335CA21516EE9C450078D488 /* ConsultarPlacaViewController.m in Sources */ = {isa = PBXBuildFile; fileRef = 335CA21416EE9C450078D488 /* ConsultarPlacaViewController.m */; };
		335CA21A16EE9DE70078D488 /* CustomCellReporte.m in Sources */ = {isa = PBXBuildFile; fileRef = 335CA21716EE9DE60078D488 /* CustomCellReporte.m */; };
		335CA21B16EE9DE70078D488 /* CustomCellReporteUno.m in Sources */ = {isa = PBXBuildFile; fileRef = 335CA21916EE9DE70078D488 /* CustomCellReporteUno.m */; };
		335CA21E16EE9E250078D488 /* CustomCellTop.m in Sources */ = {isa = PBXBuildFile; fileRef = 335CA21D16EE9E250078D488 /* CustomCellTop.m */; };
		335CA22116EE9E520078D488 /* Taxista.m in Sources */ = {isa = PBXBuildFile; fileRef = 335CA22016EE9E520078D488 /* Taxista.m */; };
		335CA22416EE9E6B0078D488 /* Reportes.m in Sources */ = {isa = PBXBuildFile; fileRef = 335CA22316EE9E6B0078D488 /* Reportes.m */; };
		335CA22716EE9E980078D488 /* TopTaxi.m in Sources */ = {isa = PBXBuildFile; fileRef = 335CA22616EE9E980078D488 /* TopTaxi.m */; };
		335CA22A16EE9EB90078D488 /* DeviceInfo.m in Sources */ = {isa = PBXBuildFile; fileRef = 335CA22916EE9EB90078D488 /* DeviceInfo.m */; };
		335CA22D16EE9F030078D488 /* ViewInformacion.m in Sources */ = {isa = PBXBuildFile; fileRef = 335CA22C16EE9F030078D488 /* ViewInformacion.m */; };
		335CA23016EE9F1D0078D488 /* MBProgressHud.m in Sources */ = {isa = PBXBuildFile; fileRef = 335CA22F16EE9F1D0078D488 /* MBProgressHud.m */; };
		335CA23316EE9F440078D488 /* DetailReporteViewController.m in Sources */ = {isa = PBXBuildFile; fileRef = 335CA23216EE9F440078D488 /* DetailReporteViewController.m */; };
		335CA23516EE9FDD0078D488 /* CoreTelephony.framework in Frameworks */ = {isa = PBXBuildFile; fileRef = 335CA23416EE9FDD0078D488 /* CoreTelephony.framework */; };
		3368F00116F911950093C022 /* RegexKitLite.m in Sources */ = {isa = PBXBuildFile; fileRef = 3368F00016F911950093C022 /* RegexKitLite.m */; settings = {COMPILER_FLAGS = "-fno-objc-arc"; }; };
		3368F00716F912480093C022 /* libicucore.A.dylib in Frameworks */ = {isa = PBXBuildFile; fileRef = 3368F00616F912480093C022 /* libicucore.A.dylib */; };
		3385C6911721F5FB0061F414 /* buttonTwitter.png in Resources */ = {isa = PBXBuildFile; fileRef = 3385C6901721F5FB0061F414 /* buttonTwitter.png */; };
		3385C6931721F8CC0061F414 /* buttonFB.png in Resources */ = {isa = PBXBuildFile; fileRef = 3385C6921721F8CC0061F414 /* buttonFB.png */; };
		3385C6971721FB470061F414 /* buttonMail.png in Resources */ = {isa = PBXBuildFile; fileRef = 3385C6961721FB470061F414 /* buttonMail.png */; };
		3385C6991721FD8F0061F414 /* buttonSMS.png in Resources */ = {isa = PBXBuildFile; fileRef = 3385C6981721FD8F0061F414 /* buttonSMS.png */; };
		33A712B1171CB3F0009DF61B /* Default-Portrait@2x~ipad.png in Resources */ = {isa = PBXBuildFile; fileRef = 33A712B0171CB3F0009DF61B /* Default-Portrait@2x~ipad.png */; };
		33A712B3171CB445009DF61B /* Default-Portrait~ipad.png in Resources */ = {isa = PBXBuildFile; fileRef = 33A712B2171CB445009DF61B /* Default-Portrait~ipad.png */; };
		33A712B5171CB4CC009DF61B /* Default.png in Resources */ = {isa = PBXBuildFile; fileRef = 33A712B4171CB4CC009DF61B /* Default.png */; };
		33A712B7171CB4D9009DF61B /* Default@2x.png in Resources */ = {isa = PBXBuildFile; fileRef = 33A712B6171CB4D9009DF61B /* Default@2x.png */; };
		33A712B9171CB4E4009DF61B /* Default-568h@2x.png in Resources */ = {isa = PBXBuildFile; fileRef = 33A712B8171CB4E4009DF61B /* Default-568h@2x.png */; };
		33A712BB171CB632009DF61B /* iconIphone@x2.png in Resources */ = {isa = PBXBuildFile; fileRef = 33A712BA171CB632009DF61B /* iconIphone@x2.png */; };
		33A712BD171CB66C009DF61B /* iconiPhone.png in Resources */ = {isa = PBXBuildFile; fileRef = 33A712BC171CB66C009DF61B /* iconiPhone.png */; };
		33A712BF171CBBD4009DF61B /* iconiPad@x2.png in Resources */ = {isa = PBXBuildFile; fileRef = 33A712BE171CBBD4009DF61B /* iconiPad@x2.png */; };
		33A712C1171CBBDC009DF61B /* iconiPad.png in Resources */ = {isa = PBXBuildFile; fileRef = 33A712C0171CBBDC009DF61B /* iconiPad.png */; };
		33BCB86016F929FE00354F2B /* Modelador.m in Sources */ = {isa = PBXBuildFile; fileRef = 33BCB85F16F929FE00354F2B /* Modelador.m */; };
		33C3E7971720B4300015F960 /* AddressBook.framework in Frameworks */ = {isa = PBXBuildFile; fileRef = 33C3E7961720B4300015F960 /* AddressBook.framework */; };
		33C430B81714A1CF006749C0 /* LlamadaDeEmergenciaViewController.m in Sources */ = {isa = PBXBuildFile; fileRef = 33C430B71714A1CF006749C0 /* LlamadaDeEmergenciaViewController.m */; };
		33F0DBD2170E0B79009581CB /* iRate.m in Sources */ = {isa = PBXBuildFile; fileRef = 33F0DBD1170E0B79009581CB /* iRate.m */; };
		33F0DBD4170E23D5009581CB /* StoreKit.framework in Frameworks */ = {isa = PBXBuildFile; fileRef = 33F0DBD3170E23D5009581CB /* StoreKit.framework */; };
		33F0DBD7170E3001009581CB /* FileSaver.m in Sources */ = {isa = PBXBuildFile; fileRef = 33F0DBD6170E3001009581CB /* FileSaver.m */; };
		7542BF02165E82D2008A51B7 /* UIKit.framework in Frameworks */ = {isa = PBXBuildFile; fileRef = 7542BF01165E82D2008A51B7 /* UIKit.framework */; };
		7542BF04165E82D2008A51B7 /* Foundation.framework in Frameworks */ = {isa = PBXBuildFile; fileRef = 7542BF03165E82D2008A51B7 /* Foundation.framework */; };
		7542BF06165E82D2008A51B7 /* CoreGraphics.framework in Frameworks */ = {isa = PBXBuildFile; fileRef = 7542BF05165E82D2008A51B7 /* CoreGraphics.framework */; };
		7542BF0C165E82D2008A51B7 /* InfoPlist.strings in Resources */ = {isa = PBXBuildFile; fileRef = 7542BF0A165E82D2008A51B7 /* InfoPlist.strings */; };
		7542BF0E165E82D2008A51B7 /* main.m in Sources */ = {isa = PBXBuildFile; fileRef = 7542BF0D165E82D2008A51B7 /* main.m */; };
		7542BF12165E82D2008A51B7 /* AppDelegate.m in Sources */ = {isa = PBXBuildFile; fileRef = 7542BF11165E82D2008A51B7 /* AppDelegate.m */; };
		7542BF1B165E82D2008A51B7 /* MainStoryboard_iPhone.storyboard in Resources */ = {isa = PBXBuildFile; fileRef = 7542BF19165E82D2008A51B7 /* MainStoryboard_iPhone.storyboard */; };
		7542BF1E165E82D2008A51B7 /* MainStoryboard_iPad.storyboard in Resources */ = {isa = PBXBuildFile; fileRef = 7542BF1C165E82D2008A51B7 /* MainStoryboard_iPad.storyboard */; };
		7542BF21165E82D2008A51B7 /* MainViewController.m in Sources */ = {isa = PBXBuildFile; fileRef = 7542BF20165E82D2008A51B7 /* MainViewController.m */; };
		7542BF2F165E8DB7008A51B7 /* CustomSwitch.m in Sources */ = {isa = PBXBuildFile; fileRef = 7542BF2E165E8DB7008A51B7 /* CustomSwitch.m */; };
		7542BF31165E917E008A51B7 /* QuartzCore.framework in Frameworks */ = {isa = PBXBuildFile; fileRef = 7542BF30165E917E008A51B7 /* QuartzCore.framework */; };
		7542BF46165EA8BA008A51B7 /* league_gothic.ttf in Resources */ = {isa = PBXBuildFile; fileRef = 7542BF45165EA75F008A51B7 /* league_gothic.ttf */; };
		7542BF49165EAE48008A51B7 /* CustomLabel.m in Sources */ = {isa = PBXBuildFile; fileRef = 7542BF48165EAE48008A51B7 /* CustomLabel.m */; };
		7542BF4F165EDC7B008A51B7 /* MapKit.framework in Frameworks */ = {isa = PBXBuildFile; fileRef = 7542BF4E165EDC7B008A51B7 /* MapKit.framework */; };
		7542BF56165EEC0C008A51B7 /* BannerView.m in Sources */ = {isa = PBXBuildFile; fileRef = 7542BF55165EEC0B008A51B7 /* BannerView.m */; };
		7542BF7116600379008A51B7 /* CustomButton.m in Sources */ = {isa = PBXBuildFile; fileRef = 7542BF7016600378008A51B7 /* CustomButton.m */; };
		75926D141665217000B3CDD5 /* Taximetro.m in Sources */ = {isa = PBXBuildFile; fileRef = 75926D131665217000B3CDD5 /* Taximetro.m */; };
		75A959FE166D4A0F0012CFA5 /* CoreLocation.framework in Frameworks */ = {isa = PBXBuildFile; fileRef = 75A959FD166D4A0F0012CFA5 /* CoreLocation.framework */; };
		75D52B141660351100EAC142 /* TaximetroManualViewController.m in Sources */ = {isa = PBXBuildFile; fileRef = 75D52B131660351100EAC142 /* TaximetroManualViewController.m */; };
		75D6C68D1667F66600D90A0D /* MenuView.m in Sources */ = {isa = PBXBuildFile; fileRef = 75D6C68C1667F66600D90A0D /* MenuView.m */; };
		75E4F37B16697D7C007BE4C5 /* TelefonosTaxis.plist in Resources */ = {isa = PBXBuildFile; fileRef = 75E4F37A16697D7C007BE4C5 /* TelefonosTaxis.plist */; };
		75E4F37F1669819E007BE4C5 /* LLamadasObject.m in Sources */ = {isa = PBXBuildFile; fileRef = 75E4F37E1669819E007BE4C5 /* LLamadasObject.m */; };
		810645D6171F56A500B1F6E6 /* iconiPhone@x2.png in Resources */ = {isa = PBXBuildFile; fileRef = 810645D5171F56A500B1F6E6 /* iconiPhone@x2.png */; };
/* End PBXBuildFile section */

/* Begin PBXFileReference section */
		331481D816791E59006AB746 /* EstadisticasViewController.h */ = {isa = PBXFileReference; fileEncoding = 4; lastKnownFileType = sourcecode.c.h; path = EstadisticasViewController.h; sourceTree = "<group>"; };
		331481D916791E59006AB746 /* EstadisticasViewController.m */ = {isa = PBXFileReference; fileEncoding = 4; lastKnownFileType = sourcecode.c.objc; path = EstadisticasViewController.m; sourceTree = "<group>"; };
		331D618A1668132A00F02BD9 /* CustomCell.h */ = {isa = PBXFileReference; fileEncoding = 4; lastKnownFileType = sourcecode.c.h; path = CustomCell.h; sourceTree = "<group>"; };
		331D618B1668132A00F02BD9 /* CustomCell.m */ = {isa = PBXFileReference; fileEncoding = 4; lastKnownFileType = sourcecode.c.objc; path = CustomCell.m; sourceTree = "<group>"; };
		331D618E1668154900F02BD9 /* LlamadasViewController.h */ = {isa = PBXFileReference; fileEncoding = 4; lastKnownFileType = sourcecode.c.h; path = LlamadasViewController.h; sourceTree = "<group>"; };
		331D618F1668154900F02BD9 /* LlamadasViewController.m */ = {isa = PBXFileReference; fileEncoding = 4; lastKnownFileType = sourcecode.c.objc; path = LlamadasViewController.m; sourceTree = "<group>"; };
		3320ACFB171C52C700A844F4 /* Social.framework */ = {isa = PBXFileReference; lastKnownFileType = wrapper.framework; name = Social.framework; path = System/Library/Frameworks/Social.framework; sourceTree = SDKROOT; };
		3320ACFF171C54D800A844F4 /* Accounts.framework */ = {isa = PBXFileReference; lastKnownFileType = wrapper.framework; name = Accounts.framework; path = System/Library/Frameworks/Accounts.framework; sourceTree = SDKROOT; };
		3320AD01171C54E800A844F4 /* AdSupport.framework */ = {isa = PBXFileReference; lastKnownFileType = wrapper.framework; name = AdSupport.framework; path = System/Library/Frameworks/AdSupport.framework; sourceTree = SDKROOT; };
		3320AD03171C60A900A844F4 /* buttonPanic.png */ = {isa = PBXFileReference; lastKnownFileType = image.png; path = buttonPanic.png; sourceTree = "<group>"; };
		3320AD04171C60A900A844F4 /* button123.png */ = {isa = PBXFileReference; lastKnownFileType = image.png; path = button123.png; sourceTree = "<group>"; };
		3320AD05171C60A900A844F4 /* buttonUser.png */ = {isa = PBXFileReference; lastKnownFileType = image.png; path = buttonUser.png; sourceTree = "<group>"; };
		3320AD09171C624300A844F4 /* MessageUI.framework */ = {isa = PBXFileReference; lastKnownFileType = wrapper.framework; name = MessageUI.framework; path = System/Library/Frameworks/MessageUI.framework; sourceTree = SDKROOT; };
		332AC87A167BD70E001A187B /* PanicoViewController.h */ = {isa = PBXFileReference; fileEncoding = 4; lastKnownFileType = sourcecode.c.h; path = PanicoViewController.h; sourceTree = "<group>"; };
		332AC87B167BD70E001A187B /* PanicoViewController.m */ = {isa = PBXFileReference; fileEncoding = 4; lastKnownFileType = sourcecode.c.objc; path = PanicoViewController.m; sourceTree = "<group>"; };
		333740FA166FA76300510C52 /* CalcularView.h */ = {isa = PBXFileReference; fileEncoding = 4; lastKnownFileType = sourcecode.c.h; path = CalcularView.h; sourceTree = "<group>"; };
		333740FB166FA76300510C52 /* CalcularView.m */ = {isa = PBXFileReference; fileEncoding = 4; lastKnownFileType = sourcecode.c.objc; path = CalcularView.m; sourceTree = "<group>"; };
		333740FE166FC25D00510C52 /* OpcionesTaximetroView.h */ = {isa = PBXFileReference; fileEncoding = 4; lastKnownFileType = sourcecode.c.h; path = OpcionesTaximetroView.h; sourceTree = "<group>"; };
		333740FF166FC25D00510C52 /* OpcionesTaximetroView.m */ = {isa = PBXFileReference; fileEncoding = 4; lastKnownFileType = sourcecode.c.objc; path = OpcionesTaximetroView.m; sourceTree = "<group>"; };
		333F5EEB1721D433000FC5B6 /* Twitter.framework */ = {isa = PBXFileReference; lastKnownFileType = wrapper.framework; name = Twitter.framework; path = System/Library/Frameworks/Twitter.framework; sourceTree = SDKROOT; };
		33459DA91669073E001B7DBF /* InformacionLlamadaView.h */ = {isa = PBXFileReference; fileEncoding = 4; lastKnownFileType = sourcecode.c.h; path = InformacionLlamadaView.h; sourceTree = "<group>"; };
		33459DAA1669073E001B7DBF /* InformacionLlamadaView.m */ = {isa = PBXFileReference; fileEncoding = 4; lastKnownFileType = sourcecode.c.objc; path = InformacionLlamadaView.m; sourceTree = "<group>"; };
		3346273D167F81D900578B79 /* AcercaDeViewController.h */ = {isa = PBXFileReference; fileEncoding = 4; lastKnownFileType = sourcecode.c.h; path = AcercaDeViewController.h; sourceTree = "<group>"; };
		3346273E167F81D900578B79 /* AcercaDeViewController.m */ = {isa = PBXFileReference; fileEncoding = 4; lastKnownFileType = sourcecode.c.objc; path = AcercaDeViewController.m; sourceTree = "<group>"; };
		33462741167F947200578B79 /* AdvertenciaViewController.h */ = {isa = PBXFileReference; fileEncoding = 4; lastKnownFileType = sourcecode.c.h; path = AdvertenciaViewController.h; sourceTree = "<group>"; };
		33462742167F947200578B79 /* AdvertenciaViewController.m */ = {isa = PBXFileReference; fileEncoding = 4; lastKnownFileType = sourcecode.c.objc; path = AdvertenciaViewController.m; sourceTree = "<group>"; };
		3348558D16F7901F00929946 /* RegionAnnotation.h */ = {isa = PBXFileReference; fileEncoding = 4; lastKnownFileType = sourcecode.c.h; path = RegionAnnotation.h; sourceTree = "<group>"; };
		3348558E16F7901F00929946 /* RegionAnnotation.m */ = {isa = PBXFileReference; fileEncoding = 4; lastKnownFileType = sourcecode.c.objc; path = RegionAnnotation.m; sourceTree = "<group>"; };
		3348558F16F7901F00929946 /* RegionAnnotationView.h */ = {isa = PBXFileReference; fileEncoding = 4; lastKnownFileType = sourcecode.c.h; path = RegionAnnotationView.h; sourceTree = "<group>"; };
		3348559016F7901F00929946 /* RegionAnnotationView.m */ = {isa = PBXFileReference; fileEncoding = 4; lastKnownFileType = sourcecode.c.objc; path = RegionAnnotationView.m; sourceTree = "<group>"; };
		334AC8BC167A967600F077A0 /* AlertMessageView.h */ = {isa = PBXFileReference; fileEncoding = 4; lastKnownFileType = sourcecode.c.h; path = AlertMessageView.h; sourceTree = "<group>"; };
		334AC8BD167A967600F077A0 /* AlertMessageView.m */ = {isa = PBXFileReference; fileEncoding = 4; lastKnownFileType = sourcecode.c.objc; path = AlertMessageView.m; sourceTree = "<group>"; };
		334E29FE167103F2005D1E9C /* OpcionesCompartirView.h */ = {isa = PBXFileReference; fileEncoding = 4; lastKnownFileType = sourcecode.c.h; path = OpcionesCompartirView.h; sourceTree = "<group>"; };
		334E29FF167103F2005D1E9C /* OpcionesCompartirView.m */ = {isa = PBXFileReference; fileEncoding = 4; lastKnownFileType = sourcecode.c.objc; path = OpcionesCompartirView.m; sourceTree = "<group>"; };
		334E2A02167141AF005D1E9C /* OpcionesContactoView.h */ = {isa = PBXFileReference; fileEncoding = 4; lastKnownFileType = sourcecode.c.h; path = OpcionesContactoView.h; sourceTree = "<group>"; };
		334E2A03167141AF005D1E9C /* OpcionesContactoView.m */ = {isa = PBXFileReference; fileEncoding = 4; lastKnownFileType = sourcecode.c.objc; path = OpcionesContactoView.m; sourceTree = "<group>"; };
		334E2A0516714B5D005D1E9C /* AlertView.h */ = {isa = PBXFileReference; fileEncoding = 4; lastKnownFileType = sourcecode.c.h; path = AlertView.h; sourceTree = "<group>"; };
		334E2A0616714B5D005D1E9C /* AlertView.m */ = {isa = PBXFileReference; fileEncoding = 4; lastKnownFileType = sourcecode.c.objc; path = AlertView.m; sourceTree = "<group>"; };
		334ED8A2166E6D7E001DD624 /* OpcionesViewController.h */ = {isa = PBXFileReference; fileEncoding = 4; lastKnownFileType = sourcecode.c.h; path = OpcionesViewController.h; sourceTree = "<group>"; };
		334ED8A3166E6D7E001DD624 /* OpcionesViewController.m */ = {isa = PBXFileReference; fileEncoding = 4; lastKnownFileType = sourcecode.c.objc; path = OpcionesViewController.m; sourceTree = "<group>"; };
		335CA20D16EE9B820078D488 /* ServerCommunicator.h */ = {isa = PBXFileReference; fileEncoding = 4; lastKnownFileType = sourcecode.c.h; path = ServerCommunicator.h; sourceTree = "<group>"; };
		335CA20E16EE9B820078D488 /* ServerCommunicator.m */ = {isa = PBXFileReference; fileEncoding = 4; lastKnownFileType = sourcecode.c.objc; path = ServerCommunicator.m; sourceTree = "<group>"; };
		335CA21016EE9B9A0078D488 /* IAmCoder.h */ = {isa = PBXFileReference; fileEncoding = 4; lastKnownFileType = sourcecode.c.h; path = IAmCoder.h; sourceTree = "<group>"; };
		335CA21116EE9B9A0078D488 /* IAmCoder.m */ = {isa = PBXFileReference; fileEncoding = 4; lastKnownFileType = sourcecode.c.objc; path = IAmCoder.m; sourceTree = "<group>"; };
		335CA21316EE9C450078D488 /* ConsultarPlacaViewController.h */ = {isa = PBXFileReference; fileEncoding = 4; lastKnownFileType = sourcecode.c.h; path = ConsultarPlacaViewController.h; sourceTree = "<group>"; };
		335CA21416EE9C450078D488 /* ConsultarPlacaViewController.m */ = {isa = PBXFileReference; fileEncoding = 4; lastKnownFileType = sourcecode.c.objc; path = ConsultarPlacaViewController.m; sourceTree = "<group>"; };
		335CA21616EE9DE60078D488 /* CustomCellReporte.h */ = {isa = PBXFileReference; fileEncoding = 4; lastKnownFileType = sourcecode.c.h; path = CustomCellReporte.h; sourceTree = "<group>"; };
		335CA21716EE9DE60078D488 /* CustomCellReporte.m */ = {isa = PBXFileReference; fileEncoding = 4; lastKnownFileType = sourcecode.c.objc; path = CustomCellReporte.m; sourceTree = "<group>"; };
		335CA21816EE9DE70078D488 /* CustomCellReporteUno.h */ = {isa = PBXFileReference; fileEncoding = 4; lastKnownFileType = sourcecode.c.h; path = CustomCellReporteUno.h; sourceTree = "<group>"; };
		335CA21916EE9DE70078D488 /* CustomCellReporteUno.m */ = {isa = PBXFileReference; fileEncoding = 4; lastKnownFileType = sourcecode.c.objc; path = CustomCellReporteUno.m; sourceTree = "<group>"; };
		335CA21C16EE9E250078D488 /* CustomCellTop.h */ = {isa = PBXFileReference; fileEncoding = 4; lastKnownFileType = sourcecode.c.h; path = CustomCellTop.h; sourceTree = "<group>"; };
		335CA21D16EE9E250078D488 /* CustomCellTop.m */ = {isa = PBXFileReference; fileEncoding = 4; lastKnownFileType = sourcecode.c.objc; path = CustomCellTop.m; sourceTree = "<group>"; };
		335CA21F16EE9E520078D488 /* Taxista.h */ = {isa = PBXFileReference; fileEncoding = 4; lastKnownFileType = sourcecode.c.h; path = Taxista.h; sourceTree = "<group>"; };
		335CA22016EE9E520078D488 /* Taxista.m */ = {isa = PBXFileReference; fileEncoding = 4; lastKnownFileType = sourcecode.c.objc; path = Taxista.m; sourceTree = "<group>"; };
		335CA22216EE9E6A0078D488 /* Reportes.h */ = {isa = PBXFileReference; fileEncoding = 4; lastKnownFileType = sourcecode.c.h; path = Reportes.h; sourceTree = "<group>"; };
		335CA22316EE9E6B0078D488 /* Reportes.m */ = {isa = PBXFileReference; fileEncoding = 4; lastKnownFileType = sourcecode.c.objc; path = Reportes.m; sourceTree = "<group>"; };
		335CA22516EE9E980078D488 /* TopTaxi.h */ = {isa = PBXFileReference; fileEncoding = 4; lastKnownFileType = sourcecode.c.h; path = TopTaxi.h; sourceTree = "<group>"; };
		335CA22616EE9E980078D488 /* TopTaxi.m */ = {isa = PBXFileReference; fileEncoding = 4; lastKnownFileType = sourcecode.c.objc; path = TopTaxi.m; sourceTree = "<group>"; };
		335CA22816EE9EB90078D488 /* DeviceInfo.h */ = {isa = PBXFileReference; fileEncoding = 4; lastKnownFileType = sourcecode.c.h; path = DeviceInfo.h; sourceTree = "<group>"; };
		335CA22916EE9EB90078D488 /* DeviceInfo.m */ = {isa = PBXFileReference; fileEncoding = 4; lastKnownFileType = sourcecode.c.objc; path = DeviceInfo.m; sourceTree = "<group>"; };
		335CA22B16EE9F030078D488 /* ViewInformacion.h */ = {isa = PBXFileReference; fileEncoding = 4; lastKnownFileType = sourcecode.c.h; path = ViewInformacion.h; sourceTree = "<group>"; };
		335CA22C16EE9F030078D488 /* ViewInformacion.m */ = {isa = PBXFileReference; fileEncoding = 4; lastKnownFileType = sourcecode.c.objc; path = ViewInformacion.m; sourceTree = "<group>"; };
		335CA22E16EE9F1D0078D488 /* MBProgressHud.h */ = {isa = PBXFileReference; fileEncoding = 4; lastKnownFileType = sourcecode.c.h; path = MBProgressHud.h; sourceTree = "<group>"; };
		335CA22F16EE9F1D0078D488 /* MBProgressHud.m */ = {isa = PBXFileReference; fileEncoding = 4; lastKnownFileType = sourcecode.c.objc; path = MBProgressHud.m; sourceTree = "<group>"; };
		335CA23116EE9F440078D488 /* DetailReporteViewController.h */ = {isa = PBXFileReference; fileEncoding = 4; lastKnownFileType = sourcecode.c.h; path = DetailReporteViewController.h; sourceTree = "<group>"; };
		335CA23216EE9F440078D488 /* DetailReporteViewController.m */ = {isa = PBXFileReference; fileEncoding = 4; lastKnownFileType = sourcecode.c.objc; path = DetailReporteViewController.m; sourceTree = "<group>"; };
		335CA23416EE9FDD0078D488 /* CoreTelephony.framework */ = {isa = PBXFileReference; lastKnownFileType = wrapper.framework; name = CoreTelephony.framework; path = System/Library/Frameworks/CoreTelephony.framework; sourceTree = SDKROOT; };
		3368EFFF16F911950093C022 /* RegexKitLite.h */ = {isa = PBXFileReference; fileEncoding = 4; lastKnownFileType = sourcecode.c.h; path = RegexKitLite.h; sourceTree = "<group>"; };
		3368F00016F911950093C022 /* RegexKitLite.m */ = {isa = PBXFileReference; fileEncoding = 4; lastKnownFileType = sourcecode.c.objc; path = RegexKitLite.m; sourceTree = "<group>"; };
		3368F00616F912480093C022 /* libicucore.A.dylib */ = {isa = PBXFileReference; lastKnownFileType = "compiled.mach-o.dylib"; name = libicucore.A.dylib; path = usr/lib/libicucore.A.dylib; sourceTree = SDKROOT; };
		3385C6901721F5FB0061F414 /* buttonTwitter.png */ = {isa = PBXFileReference; lastKnownFileType = image.png; path = buttonTwitter.png; sourceTree = "<group>"; };
		3385C6921721F8CC0061F414 /* buttonFB.png */ = {isa = PBXFileReference; lastKnownFileType = image.png; path = buttonFB.png; sourceTree = "<group>"; };
		3385C6961721FB470061F414 /* buttonMail.png */ = {isa = PBXFileReference; lastKnownFileType = image.png; path = buttonMail.png; sourceTree = "<group>"; };
		3385C6981721FD8F0061F414 /* buttonSMS.png */ = {isa = PBXFileReference; lastKnownFileType = image.png; path = buttonSMS.png; sourceTree = "<group>"; };
		33A712B0171CB3F0009DF61B /* Default-Portrait@2x~ipad.png */ = {isa = PBXFileReference; lastKnownFileType = image.png; path = "Default-Portrait@2x~ipad.png"; sourceTree = "<group>"; };
		33A712B2171CB445009DF61B /* Default-Portrait~ipad.png */ = {isa = PBXFileReference; lastKnownFileType = image.png; path = "Default-Portrait~ipad.png"; sourceTree = "<group>"; };
		33A712B4171CB4CC009DF61B /* Default.png */ = {isa = PBXFileReference; lastKnownFileType = image.png; path = Default.png; sourceTree = "<group>"; };
		33A712B6171CB4D9009DF61B /* Default@2x.png */ = {isa = PBXFileReference; lastKnownFileType = image.png; path = "Default@2x.png"; sourceTree = "<group>"; };
		33A712B8171CB4E4009DF61B /* Default-568h@2x.png */ = {isa = PBXFileReference; lastKnownFileType = image.png; path = "Default-568h@2x.png"; sourceTree = "<group>"; };
		33A712BA171CB632009DF61B /* iconIphone@x2.png */ = {isa = PBXFileReference; lastKnownFileType = image.png; path = "iconIphone@x2.png"; sourceTree = "<group>"; };
		33A712BC171CB66C009DF61B /* iconiPhone.png */ = {isa = PBXFileReference; lastKnownFileType = image.png; path = iconiPhone.png; sourceTree = "<group>"; };
		33A712BE171CBBD4009DF61B /* iconiPad@x2.png */ = {isa = PBXFileReference; lastKnownFileType = image.png; path = "iconiPad@x2.png"; sourceTree = "<group>"; };
		33A712C0171CBBDC009DF61B /* iconiPad.png */ = {isa = PBXFileReference; lastKnownFileType = image.png; path = iconiPad.png; sourceTree = "<group>"; };
		33BCB85E16F929FE00354F2B /* Modelador.h */ = {isa = PBXFileReference; fileEncoding = 4; lastKnownFileType = sourcecode.c.h; path = Modelador.h; sourceTree = "<group>"; };
		33BCB85F16F929FE00354F2B /* Modelador.m */ = {isa = PBXFileReference; fileEncoding = 4; lastKnownFileType = sourcecode.c.objc; path = Modelador.m; sourceTree = "<group>"; };
		33C3E7961720B4300015F960 /* AddressBook.framework */ = {isa = PBXFileReference; lastKnownFileType = wrapper.framework; name = AddressBook.framework; path = System/Library/Frameworks/AddressBook.framework; sourceTree = SDKROOT; };
		33C430B61714A1CE006749C0 /* LlamadaDeEmergenciaViewController.h */ = {isa = PBXFileReference; fileEncoding = 4; lastKnownFileType = sourcecode.c.h; path = LlamadaDeEmergenciaViewController.h; sourceTree = "<group>"; };
		33C430B71714A1CF006749C0 /* LlamadaDeEmergenciaViewController.m */ = {isa = PBXFileReference; fileEncoding = 4; lastKnownFileType = sourcecode.c.objc; path = LlamadaDeEmergenciaViewController.m; sourceTree = "<group>"; };
		33F0DBD0170E0B79009581CB /* iRate.h */ = {isa = PBXFileReference; fileEncoding = 4; lastKnownFileType = sourcecode.c.h; path = iRate.h; sourceTree = "<group>"; };
		33F0DBD1170E0B79009581CB /* iRate.m */ = {isa = PBXFileReference; fileEncoding = 4; lastKnownFileType = sourcecode.c.objc; path = iRate.m; sourceTree = "<group>"; };
		33F0DBD3170E23D5009581CB /* StoreKit.framework */ = {isa = PBXFileReference; lastKnownFileType = wrapper.framework; name = StoreKit.framework; path = System/Library/Frameworks/StoreKit.framework; sourceTree = SDKROOT; };
		33F0DBD5170E3001009581CB /* FileSaver.h */ = {isa = PBXFileReference; fileEncoding = 4; lastKnownFileType = sourcecode.c.h; path = FileSaver.h; sourceTree = "<group>"; };
		33F0DBD6170E3001009581CB /* FileSaver.m */ = {isa = PBXFileReference; fileEncoding = 4; lastKnownFileType = sourcecode.c.objc; path = FileSaver.m; sourceTree = "<group>"; };
		7542BEFD165E82D2008A51B7 /* BogoTaxi.app */ = {isa = PBXFileReference; explicitFileType = wrapper.application; includeInIndex = 0; path = BogoTaxi.app; sourceTree = BUILT_PRODUCTS_DIR; };
		7542BF01165E82D2008A51B7 /* UIKit.framework */ = {isa = PBXFileReference; lastKnownFileType = wrapper.framework; name = UIKit.framework; path = System/Library/Frameworks/UIKit.framework; sourceTree = SDKROOT; };
		7542BF03165E82D2008A51B7 /* Foundation.framework */ = {isa = PBXFileReference; lastKnownFileType = wrapper.framework; name = Foundation.framework; path = System/Library/Frameworks/Foundation.framework; sourceTree = SDKROOT; };
		7542BF05165E82D2008A51B7 /* CoreGraphics.framework */ = {isa = PBXFileReference; lastKnownFileType = wrapper.framework; name = CoreGraphics.framework; path = System/Library/Frameworks/CoreGraphics.framework; sourceTree = SDKROOT; };
		7542BF09165E82D2008A51B7 /* BogoTaxi-Info.plist */ = {isa = PBXFileReference; lastKnownFileType = text.plist.xml; path = "BogoTaxi-Info.plist"; sourceTree = "<group>"; };
		7542BF0B165E82D2008A51B7 /* en */ = {isa = PBXFileReference; lastKnownFileType = text.plist.strings; name = en; path = en.lproj/InfoPlist.strings; sourceTree = "<group>"; };
		7542BF0D165E82D2008A51B7 /* main.m */ = {isa = PBXFileReference; lastKnownFileType = sourcecode.c.objc; path = main.m; sourceTree = "<group>"; };
		7542BF0F165E82D2008A51B7 /* BogoTaxi-Prefix.pch */ = {isa = PBXFileReference; lastKnownFileType = sourcecode.c.h; path = "BogoTaxi-Prefix.pch"; sourceTree = "<group>"; };
		7542BF10165E82D2008A51B7 /* AppDelegate.h */ = {isa = PBXFileReference; lastKnownFileType = sourcecode.c.h; path = AppDelegate.h; sourceTree = "<group>"; };
		7542BF11165E82D2008A51B7 /* AppDelegate.m */ = {isa = PBXFileReference; lastKnownFileType = sourcecode.c.objc; path = AppDelegate.m; sourceTree = "<group>"; };
		7542BF1A165E82D2008A51B7 /* en */ = {isa = PBXFileReference; lastKnownFileType = file.storyboard; name = en; path = en.lproj/MainStoryboard_iPhone.storyboard; sourceTree = "<group>"; };
		7542BF1D165E82D2008A51B7 /* en */ = {isa = PBXFileReference; lastKnownFileType = file.storyboard; name = en; path = en.lproj/MainStoryboard_iPad.storyboard; sourceTree = "<group>"; };
		7542BF1F165E82D2008A51B7 /* MainViewController.h */ = {isa = PBXFileReference; lastKnownFileType = sourcecode.c.h; path = MainViewController.h; sourceTree = "<group>"; };
		7542BF20165E82D2008A51B7 /* MainViewController.m */ = {isa = PBXFileReference; lastKnownFileType = sourcecode.c.objc; path = MainViewController.m; sourceTree = "<group>"; };
		7542BF2D165E8DB7008A51B7 /* CustomSwitch.h */ = {isa = PBXFileReference; fileEncoding = 4; lastKnownFileType = sourcecode.c.h; path = CustomSwitch.h; sourceTree = "<group>"; };
		7542BF2E165E8DB7008A51B7 /* CustomSwitch.m */ = {isa = PBXFileReference; fileEncoding = 4; lastKnownFileType = sourcecode.c.objc; path = CustomSwitch.m; sourceTree = "<group>"; };
		7542BF30165E917E008A51B7 /* QuartzCore.framework */ = {isa = PBXFileReference; lastKnownFileType = wrapper.framework; name = QuartzCore.framework; path = System/Library/Frameworks/QuartzCore.framework; sourceTree = SDKROOT; };
		7542BF45165EA75F008A51B7 /* league_gothic.ttf */ = {isa = PBXFileReference; lastKnownFileType = file; path = league_gothic.ttf; sourceTree = "<group>"; };
		7542BF47165EAE47008A51B7 /* CustomLabel.h */ = {isa = PBXFileReference; fileEncoding = 4; lastKnownFileType = sourcecode.c.h; path = CustomLabel.h; sourceTree = "<group>"; };
		7542BF48165EAE48008A51B7 /* CustomLabel.m */ = {isa = PBXFileReference; fileEncoding = 4; lastKnownFileType = sourcecode.c.objc; path = CustomLabel.m; sourceTree = "<group>"; };
		7542BF4E165EDC7B008A51B7 /* MapKit.framework */ = {isa = PBXFileReference; lastKnownFileType = wrapper.framework; name = MapKit.framework; path = System/Library/Frameworks/MapKit.framework; sourceTree = SDKROOT; };
		7542BF54165EEC0B008A51B7 /* BannerView.h */ = {isa = PBXFileReference; fileEncoding = 4; lastKnownFileType = sourcecode.c.h; path = BannerView.h; sourceTree = "<group>"; };
		7542BF55165EEC0B008A51B7 /* BannerView.m */ = {isa = PBXFileReference; fileEncoding = 4; lastKnownFileType = sourcecode.c.objc; path = BannerView.m; sourceTree = "<group>"; };
		7542BF6F16600378008A51B7 /* CustomButton.h */ = {isa = PBXFileReference; fileEncoding = 4; lastKnownFileType = sourcecode.c.h; path = CustomButton.h; sourceTree = "<group>"; };
		7542BF7016600378008A51B7 /* CustomButton.m */ = {isa = PBXFileReference; fileEncoding = 4; lastKnownFileType = sourcecode.c.objc; path = CustomButton.m; sourceTree = "<group>"; };
		75926D121665217000B3CDD5 /* Taximetro.h */ = {isa = PBXFileReference; fileEncoding = 4; lastKnownFileType = sourcecode.c.h; path = Taximetro.h; sourceTree = "<group>"; };
		75926D131665217000B3CDD5 /* Taximetro.m */ = {isa = PBXFileReference; fileEncoding = 4; lastKnownFileType = sourcecode.c.objc; path = Taximetro.m; sourceTree = "<group>"; };
		75A959FD166D4A0F0012CFA5 /* CoreLocation.framework */ = {isa = PBXFileReference; lastKnownFileType = wrapper.framework; name = CoreLocation.framework; path = System/Library/Frameworks/CoreLocation.framework; sourceTree = SDKROOT; };
		75D52B121660351100EAC142 /* TaximetroManualViewController.h */ = {isa = PBXFileReference; fileEncoding = 4; lastKnownFileType = sourcecode.c.h; path = TaximetroManualViewController.h; sourceTree = "<group>"; };
		75D52B131660351100EAC142 /* TaximetroManualViewController.m */ = {isa = PBXFileReference; fileEncoding = 4; lastKnownFileType = sourcecode.c.objc; path = TaximetroManualViewController.m; sourceTree = "<group>"; };
		75D6C68B1667F66600D90A0D /* MenuView.h */ = {isa = PBXFileReference; fileEncoding = 4; lastKnownFileType = sourcecode.c.h; path = MenuView.h; sourceTree = "<group>"; };
		75D6C68C1667F66600D90A0D /* MenuView.m */ = {isa = PBXFileReference; fileEncoding = 4; lastKnownFileType = sourcecode.c.objc; path = MenuView.m; sourceTree = "<group>"; };
		75E4F37A16697D7C007BE4C5 /* TelefonosTaxis.plist */ = {isa = PBXFileReference; fileEncoding = 4; lastKnownFileType = text.plist.xml; path = TelefonosTaxis.plist; sourceTree = "<group>"; };
		75E4F37D1669819E007BE4C5 /* LLamadasObject.h */ = {isa = PBXFileReference; fileEncoding = 4; lastKnownFileType = sourcecode.c.h; path = LLamadasObject.h; sourceTree = "<group>"; };
		75E4F37E1669819E007BE4C5 /* LLamadasObject.m */ = {isa = PBXFileReference; fileEncoding = 4; lastKnownFileType = sourcecode.c.objc; path = LLamadasObject.m; sourceTree = "<group>"; };
		810645D5171F56A500B1F6E6 /* iconiPhone@x2.png */ = {isa = PBXFileReference; lastKnownFileType = image.png; path = "iconiPhone@x2.png"; sourceTree = "<group>"; };
/* End PBXFileReference section */

/* Begin PBXFrameworksBuildPhase section */
		7542BEFA165E82D2008A51B7 /* Frameworks */ = {
			isa = PBXFrameworksBuildPhase;
			buildActionMask = 2147483647;
			files = (
				33C3E7971720B4300015F960 /* AddressBook.framework in Frameworks */,
				3320AD0A171C624300A844F4 /* MessageUI.framework in Frameworks */,
				3320AD02171C54E800A844F4 /* AdSupport.framework in Frameworks */,
				3320AD00171C54D800A844F4 /* Accounts.framework in Frameworks */,
				3320ACFC171C52C700A844F4 /* Social.framework in Frameworks */,
				33F0DBD4170E23D5009581CB /* StoreKit.framework in Frameworks */,
				3368F00716F912480093C022 /* libicucore.A.dylib in Frameworks */,
				335CA23516EE9FDD0078D488 /* CoreTelephony.framework in Frameworks */,
				75A959FE166D4A0F0012CFA5 /* CoreLocation.framework in Frameworks */,
				7542BF4F165EDC7B008A51B7 /* MapKit.framework in Frameworks */,
				7542BF31165E917E008A51B7 /* QuartzCore.framework in Frameworks */,
				7542BF02165E82D2008A51B7 /* UIKit.framework in Frameworks */,
				7542BF04165E82D2008A51B7 /* Foundation.framework in Frameworks */,
				7542BF06165E82D2008A51B7 /* CoreGraphics.framework in Frameworks */,
			);
			runOnlyForDeploymentPostprocessing = 0;
		};
/* End PBXFrameworksBuildPhase section */

/* Begin PBXGroup section */
		7542BEF2165E82D2008A51B7 = {
			isa = PBXGroup;
			children = (
				333F5EEB1721D433000FC5B6 /* Twitter.framework */,
				33C3E7961720B4300015F960 /* AddressBook.framework */,
				810645D5171F56A500B1F6E6 /* iconiPhone@x2.png */,
				33A712C0171CBBDC009DF61B /* iconiPad.png */,
				33A712BE171CBBD4009DF61B /* iconiPad@x2.png */,
				33A712BC171CB66C009DF61B /* iconiPhone.png */,
				33A712BA171CB632009DF61B /* iconIphone@x2.png */,
				33A712B8171CB4E4009DF61B /* Default-568h@2x.png */,
				33A712B6171CB4D9009DF61B /* Default@2x.png */,
				33A712B4171CB4CC009DF61B /* Default.png */,
				33A712B2171CB445009DF61B /* Default-Portrait~ipad.png */,
				33A712B0171CB3F0009DF61B /* Default-Portrait@2x~ipad.png */,
				3320AD09171C624300A844F4 /* MessageUI.framework */,
				3320AD01171C54E800A844F4 /* AdSupport.framework */,
				3320ACFF171C54D800A844F4 /* Accounts.framework */,
				3320ACFB171C52C700A844F4 /* Social.framework */,
				33F0DBD3170E23D5009581CB /* StoreKit.framework */,
				3368F00616F912480093C022 /* libicucore.A.dylib */,
				335CA23416EE9FDD0078D488 /* CoreTelephony.framework */,
				7542BF07165E82D2008A51B7 /* BogoTaxi */,
				7542BF00165E82D2008A51B7 /* Frameworks */,
				7542BEFE165E82D2008A51B7 /* Products */,
			);
			sourceTree = "<group>";
		};
		7542BEFE165E82D2008A51B7 /* Products */ = {
			isa = PBXGroup;
			children = (
				7542BEFD165E82D2008A51B7 /* BogoTaxi.app */,
			);
			name = Products;
			sourceTree = "<group>";
		};
		7542BF00165E82D2008A51B7 /* Frameworks */ = {
			isa = PBXGroup;
			children = (
				75A959FD166D4A0F0012CFA5 /* CoreLocation.framework */,
				7542BF4E165EDC7B008A51B7 /* MapKit.framework */,
				7542BF30165E917E008A51B7 /* QuartzCore.framework */,
				7542BF01165E82D2008A51B7 /* UIKit.framework */,
				7542BF03165E82D2008A51B7 /* Foundation.framework */,
				7542BF05165E82D2008A51B7 /* CoreGraphics.framework */,
			);
			name = Frameworks;
			sourceTree = "<group>";
		};
		7542BF07165E82D2008A51B7 /* BogoTaxi */ = {
			isa = PBXGroup;
			children = (
				3385C6901721F5FB0061F414 /* buttonTwitter.png */,
				3320AD03171C60A900A844F4 /* buttonPanic.png */,
				3385C6981721FD8F0061F414 /* buttonSMS.png */,
				3320AD04171C60A900A844F4 /* button123.png */,
				3385C6921721F8CC0061F414 /* buttonFB.png */,
				3385C6961721FB470061F414 /* buttonMail.png */,
				3320AD05171C60A900A844F4 /* buttonUser.png */,
				75926D101665215A00B3CDD5 /* Objects */,
				7542BF10165E82D2008A51B7 /* AppDelegate.h */,
				7542BF11165E82D2008A51B7 /* AppDelegate.m */,
				7542BF19165E82D2008A51B7 /* MainStoryboard_iPhone.storyboard */,
				7542BF1C165E82D2008A51B7 /* MainStoryboard_iPad.storyboard */,
				335CA22E16EE9F1D0078D488 /* MBProgressHud.h */,
				335CA22F16EE9F1D0078D488 /* MBProgressHud.m */,
				335CA21016EE9B9A0078D488 /* IAmCoder.h */,
				335CA21116EE9B9A0078D488 /* IAmCoder.m */,
				335CA20D16EE9B820078D488 /* ServerCommunicator.h */,
				335CA20E16EE9B820078D488 /* ServerCommunicator.m */,
				7542BF1F165E82D2008A51B7 /* MainViewController.h */,
				7542BF20165E82D2008A51B7 /* MainViewController.m */,
				335CA21316EE9C450078D488 /* ConsultarPlacaViewController.h */,
				335CA21416EE9C450078D488 /* ConsultarPlacaViewController.m */,
				335CA23116EE9F440078D488 /* DetailReporteViewController.h */,
				335CA23216EE9F440078D488 /* DetailReporteViewController.m */,
				75D52B121660351100EAC142 /* TaximetroManualViewController.h */,
				75D52B131660351100EAC142 /* TaximetroManualViewController.m */,
				331D618E1668154900F02BD9 /* LlamadasViewController.h */,
				331D618F1668154900F02BD9 /* LlamadasViewController.m */,
				334ED8A2166E6D7E001DD624 /* OpcionesViewController.h */,
				334ED8A3166E6D7E001DD624 /* OpcionesViewController.m */,
				331481D816791E59006AB746 /* EstadisticasViewController.h */,
				331481D916791E59006AB746 /* EstadisticasViewController.m */,
				332AC87A167BD70E001A187B /* PanicoViewController.h */,
				332AC87B167BD70E001A187B /* PanicoViewController.m */,
				33C430B61714A1CE006749C0 /* LlamadaDeEmergenciaViewController.h */,
				33C430B71714A1CF006749C0 /* LlamadaDeEmergenciaViewController.m */,
				33462741167F947200578B79 /* AdvertenciaViewController.h */,
				33462742167F947200578B79 /* AdvertenciaViewController.m */,
				3346273D167F81D900578B79 /* AcercaDeViewController.h */,
				3346273E167F81D900578B79 /* AcercaDeViewController.m */,
				7542BF2C165E8D92008A51B7 /* SubViews */,
				7542BF08165E82D2008A51B7 /* Supporting Files */,
			);
			path = BogoTaxi;
			sourceTree = "<group>";
		};
		7542BF08165E82D2008A51B7 /* Supporting Files */ = {
			isa = PBXGroup;
			children = (
				75E4F37A16697D7C007BE4C5 /* TelefonosTaxis.plist */,
				7542BF45165EA75F008A51B7 /* league_gothic.ttf */,
				7542BF09165E82D2008A51B7 /* BogoTaxi-Info.plist */,
				7542BF0A165E82D2008A51B7 /* InfoPlist.strings */,
				7542BF0D165E82D2008A51B7 /* main.m */,
				7542BF0F165E82D2008A51B7 /* BogoTaxi-Prefix.pch */,
			);
			name = "Supporting Files";
			sourceTree = "<group>";
		};
		7542BF2C165E8D92008A51B7 /* SubViews */ = {
			isa = PBXGroup;
			children = (
				335CA22B16EE9F030078D488 /* ViewInformacion.h */,
				335CA22C16EE9F030078D488 /* ViewInformacion.m */,
				7542BF2D165E8DB7008A51B7 /* CustomSwitch.h */,
				7542BF2E165E8DB7008A51B7 /* CustomSwitch.m */,
				7542BF47165EAE47008A51B7 /* CustomLabel.h */,
				7542BF48165EAE48008A51B7 /* CustomLabel.m */,
				7542BF54165EEC0B008A51B7 /* BannerView.h */,
				7542BF55165EEC0B008A51B7 /* BannerView.m */,
				7542BF6F16600378008A51B7 /* CustomButton.h */,
				7542BF7016600378008A51B7 /* CustomButton.m */,
				75D6C68B1667F66600D90A0D /* MenuView.h */,
				75D6C68C1667F66600D90A0D /* MenuView.m */,
				331D618A1668132A00F02BD9 /* CustomCell.h */,
				331D618B1668132A00F02BD9 /* CustomCell.m */,
				335CA21616EE9DE60078D488 /* CustomCellReporte.h */,
				335CA21716EE9DE60078D488 /* CustomCellReporte.m */,
				335CA21816EE9DE70078D488 /* CustomCellReporteUno.h */,
				335CA21916EE9DE70078D488 /* CustomCellReporteUno.m */,
				335CA21C16EE9E250078D488 /* CustomCellTop.h */,
				335CA21D16EE9E250078D488 /* CustomCellTop.m */,
				33459DA91669073E001B7DBF /* InformacionLlamadaView.h */,
				33459DAA1669073E001B7DBF /* InformacionLlamadaView.m */,
				333740FA166FA76300510C52 /* CalcularView.h */,
				333740FB166FA76300510C52 /* CalcularView.m */,
				333740FE166FC25D00510C52 /* OpcionesTaximetroView.h */,
				333740FF166FC25D00510C52 /* OpcionesTaximetroView.m */,
				334E29FE167103F2005D1E9C /* OpcionesCompartirView.h */,
				334E29FF167103F2005D1E9C /* OpcionesCompartirView.m */,
				334E2A02167141AF005D1E9C /* OpcionesContactoView.h */,
				334E2A03167141AF005D1E9C /* OpcionesContactoView.m */,
				334E2A0516714B5D005D1E9C /* AlertView.h */,
				334E2A0616714B5D005D1E9C /* AlertView.m */,
				334AC8BC167A967600F077A0 /* AlertMessageView.h */,
				334AC8BD167A967600F077A0 /* AlertMessageView.m */,
				3368EFFF16F911950093C022 /* RegexKitLite.h */,
				3368F00016F911950093C022 /* RegexKitLite.m */,
			);
			name = SubViews;
			sourceTree = "<group>";
		};
		75926D101665215A00B3CDD5 /* Objects */ = {
			isa = PBXGroup;
			children = (
				335CA22816EE9EB90078D488 /* DeviceInfo.h */,
				335CA22916EE9EB90078D488 /* DeviceInfo.m */,
				335CA22216EE9E6A0078D488 /* Reportes.h */,
				335CA22316EE9E6B0078D488 /* Reportes.m */,
				335CA22516EE9E980078D488 /* TopTaxi.h */,
				335CA22616EE9E980078D488 /* TopTaxi.m */,
				335CA21F16EE9E520078D488 /* Taxista.h */,
				335CA22016EE9E520078D488 /* Taxista.m */,
				75926D121665217000B3CDD5 /* Taximetro.h */,
				75926D131665217000B3CDD5 /* Taximetro.m */,
				75E4F37D1669819E007BE4C5 /* LLamadasObject.h */,
				75E4F37E1669819E007BE4C5 /* LLamadasObject.m */,
				3348558D16F7901F00929946 /* RegionAnnotation.h */,
				3348558E16F7901F00929946 /* RegionAnnotation.m */,
				3348558F16F7901F00929946 /* RegionAnnotationView.h */,
				3348559016F7901F00929946 /* RegionAnnotationView.m */,
				33BCB85E16F929FE00354F2B /* Modelador.h */,
				33BCB85F16F929FE00354F2B /* Modelador.m */,
				33F0DBD0170E0B79009581CB /* iRate.h */,
				33F0DBD1170E0B79009581CB /* iRate.m */,
				33F0DBD5170E3001009581CB /* FileSaver.h */,
				33F0DBD6170E3001009581CB /* FileSaver.m */,
			);
			name = Objects;
			sourceTree = "<group>";
		};
/* End PBXGroup section */

/* Begin PBXNativeTarget section */
		7542BEFC165E82D2008A51B7 /* BogoTaxi */ = {
			isa = PBXNativeTarget;
			buildConfigurationList = 7542BF24165E82D2008A51B7 /* Build configuration list for PBXNativeTarget "BogoTaxi" */;
			buildPhases = (
				7542BEF9165E82D2008A51B7 /* Sources */,
				7542BEFA165E82D2008A51B7 /* Frameworks */,
				7542BEFB165E82D2008A51B7 /* Resources */,
			);
			buildRules = (
			);
			dependencies = (
			);
			name = BogoTaxi;
			productName = BogoTaxi;
			productReference = 7542BEFD165E82D2008A51B7 /* BogoTaxi.app */;
			productType = "com.apple.product-type.application";
		};
/* End PBXNativeTarget section */

/* Begin PBXProject section */
		7542BEF4165E82D2008A51B7 /* Project object */ = {
			isa = PBXProject;
			attributes = {
				LastUpgradeCheck = 0450;
				ORGANIZATIONNAME = "Andres Abril";
			};
			buildConfigurationList = 7542BEF7165E82D2008A51B7 /* Build configuration list for PBXProject "BogoTaxi" */;
			compatibilityVersion = "Xcode 3.2";
			developmentRegion = English;
			hasScannedForEncodings = 0;
			knownRegions = (
				en,
			);
			mainGroup = 7542BEF2165E82D2008A51B7;
			productRefGroup = 7542BEFE165E82D2008A51B7 /* Products */;
			projectDirPath = "";
			projectRoot = "";
			targets = (
				7542BEFC165E82D2008A51B7 /* BogoTaxi */,
			);
		};
/* End PBXProject section */

/* Begin PBXResourcesBuildPhase section */
		7542BEFB165E82D2008A51B7 /* Resources */ = {
			isa = PBXResourcesBuildPhase;
			buildActionMask = 2147483647;
			files = (
				7542BF0C165E82D2008A51B7 /* InfoPlist.strings in Resources */,
				7542BF46165EA8BA008A51B7 /* league_gothic.ttf in Resources */,
				7542BF1B165E82D2008A51B7 /* MainStoryboard_iPhone.storyboard in Resources */,
				7542BF1E165E82D2008A51B7 /* MainStoryboard_iPad.storyboard in Resources */,
				75E4F37B16697D7C007BE4C5 /* TelefonosTaxis.plist in Resources */,
				3320AD06171C60A900A844F4 /* buttonPanic.png in Resources */,
				3320AD07171C60A900A844F4 /* button123.png in Resources */,
				3320AD08171C60A900A844F4 /* buttonUser.png in Resources */,
				33A712B1171CB3F0009DF61B /* Default-Portrait@2x~ipad.png in Resources */,
				33A712B3171CB445009DF61B /* Default-Portrait~ipad.png in Resources */,
				33A712B5171CB4CC009DF61B /* Default.png in Resources */,
				33A712B7171CB4D9009DF61B /* Default@2x.png in Resources */,
				33A712B9171CB4E4009DF61B /* Default-568h@2x.png in Resources */,
				33A712BB171CB632009DF61B /* iconIphone@x2.png in Resources */,
				33A712BD171CB66C009DF61B /* iconiPhone.png in Resources */,
				33A712BF171CBBD4009DF61B /* iconiPad@x2.png in Resources */,
				33A712C1171CBBDC009DF61B /* iconiPad.png in Resources */,
				810645D6171F56A500B1F6E6 /* iconiPhone@x2.png in Resources */,
				3385C6911721F5FB0061F414 /* buttonTwitter.png in Resources */,
				3385C6931721F8CC0061F414 /* buttonFB.png in Resources */,
				3385C6971721FB470061F414 /* buttonMail.png in Resources */,
				3385C6991721FD8F0061F414 /* buttonSMS.png in Resources */,
			);
			runOnlyForDeploymentPostprocessing = 0;
		};
/* End PBXResourcesBuildPhase section */

/* Begin PBXSourcesBuildPhase section */
		7542BEF9165E82D2008A51B7 /* Sources */ = {
			isa = PBXSourcesBuildPhase;
			buildActionMask = 2147483647;
			files = (
				7542BF0E165E82D2008A51B7 /* main.m in Sources */,
				7542BF12165E82D2008A51B7 /* AppDelegate.m in Sources */,
				7542BF21165E82D2008A51B7 /* MainViewController.m in Sources */,
				7542BF2F165E8DB7008A51B7 /* CustomSwitch.m in Sources */,
				7542BF49165EAE48008A51B7 /* CustomLabel.m in Sources */,
				7542BF56165EEC0C008A51B7 /* BannerView.m in Sources */,
				7542BF7116600379008A51B7 /* CustomButton.m in Sources */,
				75D52B141660351100EAC142 /* TaximetroManualViewController.m in Sources */,
				75926D141665217000B3CDD5 /* Taximetro.m in Sources */,
				75D6C68D1667F66600D90A0D /* MenuView.m in Sources */,
				331D618C1668132A00F02BD9 /* CustomCell.m in Sources */,
				331D61901668154900F02BD9 /* LlamadasViewController.m in Sources */,
				33459DAB1669073F001B7DBF /* InformacionLlamadaView.m in Sources */,
				75E4F37F1669819E007BE4C5 /* LLamadasObject.m in Sources */,
				334ED8A4166E6D7E001DD624 /* OpcionesViewController.m in Sources */,
				333740FC166FA76300510C52 /* CalcularView.m in Sources */,
				33374100166FC25D00510C52 /* OpcionesTaximetroView.m in Sources */,
				334E2A00167103F2005D1E9C /* OpcionesCompartirView.m in Sources */,
				334E2A04167141B0005D1E9C /* OpcionesContactoView.m in Sources */,
				334E2A0716714B5D005D1E9C /* AlertView.m in Sources */,
				331481DA16791E59006AB746 /* EstadisticasViewController.m in Sources */,
				334AC8BE167A967600F077A0 /* AlertMessageView.m in Sources */,
				332AC87C167BD70E001A187B /* PanicoViewController.m in Sources */,
				3346273F167F81D900578B79 /* AcercaDeViewController.m in Sources */,
				33462743167F947200578B79 /* AdvertenciaViewController.m in Sources */,
				335CA20F16EE9B820078D488 /* ServerCommunicator.m in Sources */,
				335CA21216EE9B9A0078D488 /* IAmCoder.m in Sources */,
				335CA21516EE9C450078D488 /* ConsultarPlacaViewController.m in Sources */,
				335CA21A16EE9DE70078D488 /* CustomCellReporte.m in Sources */,
				335CA21B16EE9DE70078D488 /* CustomCellReporteUno.m in Sources */,
				335CA21E16EE9E250078D488 /* CustomCellTop.m in Sources */,
				335CA22116EE9E520078D488 /* Taxista.m in Sources */,
				335CA22416EE9E6B0078D488 /* Reportes.m in Sources */,
				335CA22716EE9E980078D488 /* TopTaxi.m in Sources */,
				335CA22A16EE9EB90078D488 /* DeviceInfo.m in Sources */,
				335CA22D16EE9F030078D488 /* ViewInformacion.m in Sources */,
				335CA23016EE9F1D0078D488 /* MBProgressHud.m in Sources */,
				335CA23316EE9F440078D488 /* DetailReporteViewController.m in Sources */,
				3348559116F7901F00929946 /* RegionAnnotation.m in Sources */,
				3348559216F7901F00929946 /* RegionAnnotationView.m in Sources */,
				3368F00116F911950093C022 /* RegexKitLite.m in Sources */,
				33BCB86016F929FE00354F2B /* Modelador.m in Sources */,
				33F0DBD2170E0B79009581CB /* iRate.m in Sources */,
				33F0DBD7170E3001009581CB /* FileSaver.m in Sources */,
				33C430B81714A1CF006749C0 /* LlamadaDeEmergenciaViewController.m in Sources */,
			);
			runOnlyForDeploymentPostprocessing = 0;
		};
/* End PBXSourcesBuildPhase section */

/* Begin PBXVariantGroup section */
		7542BF0A165E82D2008A51B7 /* InfoPlist.strings */ = {
			isa = PBXVariantGroup;
			children = (
				7542BF0B165E82D2008A51B7 /* en */,
			);
			name = InfoPlist.strings;
			sourceTree = "<group>";
		};
		7542BF19165E82D2008A51B7 /* MainStoryboard_iPhone.storyboard */ = {
			isa = PBXVariantGroup;
			children = (
				7542BF1A165E82D2008A51B7 /* en */,
			);
			name = MainStoryboard_iPhone.storyboard;
			sourceTree = "<group>";
		};
		7542BF1C165E82D2008A51B7 /* MainStoryboard_iPad.storyboard */ = {
			isa = PBXVariantGroup;
			children = (
				7542BF1D165E82D2008A51B7 /* en */,
			);
			name = MainStoryboard_iPad.storyboard;
			sourceTree = "<group>";
		};
/* End PBXVariantGroup section */

/* Begin XCBuildConfiguration section */
		7542BF22165E82D2008A51B7 /* Debug */ = {
			isa = XCBuildConfiguration;
			buildSettings = {
				ALWAYS_SEARCH_USER_PATHS = NO;
				CLANG_CXX_LANGUAGE_STANDARD = "gnu++0x";
				CLANG_CXX_LIBRARY = "libc++";
				CLANG_ENABLE_OBJC_ARC = YES;
				CLANG_WARN_EMPTY_BODY = YES;
				CLANG_WARN__DUPLICATE_METHOD_MATCH = YES;
				"CODE_SIGN_IDENTITY[sdk=iphoneos*]" = "iPhone Developer";
				COPY_PHASE_STRIP = NO;
				GCC_C_LANGUAGE_STANDARD = gnu99;
				GCC_DYNAMIC_NO_PIC = NO;
				GCC_OPTIMIZATION_LEVEL = 0;
				GCC_PREPROCESSOR_DEFINITIONS = (
					"DEBUG=1",
					"$(inherited)",
				);
				GCC_SYMBOLS_PRIVATE_EXTERN = NO;
				GCC_WARN_ABOUT_RETURN_TYPE = YES;
				GCC_WARN_UNINITIALIZED_AUTOS = YES;
				GCC_WARN_UNUSED_VARIABLE = YES;
				IPHONEOS_DEPLOYMENT_TARGET = 5.1;
				ONLY_ACTIVE_ARCH = YES;
				SDKROOT = iphoneos;
				TARGETED_DEVICE_FAMILY = "1,2";
			};
			name = Debug;
		};
		7542BF23165E82D2008A51B7 /* Release */ = {
			isa = XCBuildConfiguration;
			buildSettings = {
				ALWAYS_SEARCH_USER_PATHS = NO;
				CLANG_CXX_LANGUAGE_STANDARD = "gnu++0x";
				CLANG_CXX_LIBRARY = "libc++";
				CLANG_ENABLE_OBJC_ARC = YES;
				CLANG_WARN_EMPTY_BODY = YES;
				CLANG_WARN__DUPLICATE_METHOD_MATCH = YES;
				"CODE_SIGN_IDENTITY[sdk=iphoneos*]" = "iPhone Developer";
				COPY_PHASE_STRIP = YES;
				GCC_C_LANGUAGE_STANDARD = gnu99;
				GCC_WARN_ABOUT_RETURN_TYPE = YES;
				GCC_WARN_UNINITIALIZED_AUTOS = YES;
				GCC_WARN_UNUSED_VARIABLE = YES;
				IPHONEOS_DEPLOYMENT_TARGET = 5.1;
				OTHER_CFLAGS = "-DNS_BLOCK_ASSERTIONS=1";
				SDKROOT = iphoneos;
				TARGETED_DEVICE_FAMILY = "1,2";
				VALIDATE_PRODUCT = YES;
			};
			name = Release;
		};
		7542BF25165E82D2008A51B7 /* Debug */ = {
			isa = XCBuildConfiguration;
			buildSettings = {
				CODE_SIGN_IDENTITY = "iPhone Developer: Nicolle Jimenez Vasquez (5MQFB67YC8)";
				"CODE_SIGN_IDENTITY[sdk=iphoneos*]" = "iPhone Developer: Nicolle Jimenez Vasquez (5MQFB67YC8)";
				FRAMEWORK_SEARCH_PATHS = (
					"$(inherited)",
					"\"$(SRCROOT)\"",
				);
				GCC_PRECOMPILE_PREFIX_HEADER = YES;
				GCC_PREFIX_HEADER = "BogoTaxi/BogoTaxi-Prefix.pch";
				GCC_VERSION = "";
				INFOPLIST_FILE = "BogoTaxi/BogoTaxi-Info.plist";
				IPHONEOS_DEPLOYMENT_TARGET = 5.1;
				PRODUCT_NAME = "$(TARGET_NAME)";
				PROVISIONING_PROFILE = "52453942-F3FA-4ACF-A9DF-E31858EE6293";
				"PROVISIONING_PROFILE[sdk=iphoneos*]" = "52453942-F3FA-4ACF-A9DF-E31858EE6293";
				WRAPPER_EXTENSION = app;
			};
			name = Debug;
		};
		7542BF26165E82D2008A51B7 /* Release */ = {
			isa = XCBuildConfiguration;
			buildSettings = {
				CODE_SIGN_IDENTITY = "iPhone Developer: Nicolle Jimenez Vasquez (5MQFB67YC8)";
				"CODE_SIGN_IDENTITY[sdk=iphoneos*]" = "iPhone Developer: Nicolle Jimenez Vasquez (5MQFB67YC8)";
				FRAMEWORK_SEARCH_PATHS = (
					"$(inherited)",
					"\"$(SRCROOT)\"",
				);
				GCC_PRECOMPILE_PREFIX_HEADER = YES;
				GCC_PREFIX_HEADER = "BogoTaxi/BogoTaxi-Prefix.pch";
				GCC_VERSION = "";
				INFOPLIST_FILE = "BogoTaxi/BogoTaxi-Info.plist";
				IPHONEOS_DEPLOYMENT_TARGET = 5.1;
				PRODUCT_NAME = "$(TARGET_NAME)";
				PROVISIONING_PROFILE = "52453942-F3FA-4ACF-A9DF-E31858EE6293";
				"PROVISIONING_PROFILE[sdk=iphoneos*]" = "52453942-F3FA-4ACF-A9DF-E31858EE6293";
				WRAPPER_EXTENSION = app;
			};
			name = Release;
		};
/* End XCBuildConfiguration section */

/* Begin XCConfigurationList section */
		7542BEF7165E82D2008A51B7 /* Build configuration list for PBXProject "BogoTaxi" */ = {
			isa = XCConfigurationList;
			buildConfigurations = (
				7542BF22165E82D2008A51B7 /* Debug */,
				7542BF23165E82D2008A51B7 /* Release */,
			);
			defaultConfigurationIsVisible = 0;
			defaultConfigurationName = Release;
		};
		7542BF24165E82D2008A51B7 /* Build configuration list for PBXNativeTarget "BogoTaxi" */ = {
			isa = XCConfigurationList;
			buildConfigurations = (
				7542BF25165E82D2008A51B7 /* Debug */,
				7542BF26165E82D2008A51B7 /* Release */,
			);
			defaultConfigurationIsVisible = 0;
			defaultConfigurationName = Release;
		};
/* End XCConfigurationList section */
	};
	rootObject = 7542BEF4165E82D2008A51B7 /* Project object */;
}
